{
    "_meta": {
        "hash": {
            "sha256": "b9067d0e558c07da0a02abceee8495da37c3eb7246d555e7061709521cdf3777"
        },
        "pipfile-spec": 6,
        "requires": {
            "python_version": "3.6"
        },
        "sources": [
            {
                "name": "pypi",
                "url": "https://pypi.org/simple",
                "verify_ssl": true
            }
        ]
    },
    "default": {
        "pygments": {
            "hashes": [
                "sha256:a18f47b506a429f6f4b9df81bb02beab9ca21d0a5fee38ed15aef65f0545519f",
                "sha256:d66e804411278594d764fc69ec36ec13d9ae9147193a1740cd34d272ca383b8e"
            ],
            "index": "pypi",
            "version": "==2.9.0"
        },
        "qemu-qmp": {
            "editable": true,
            "extras": [
                "tui"
            ],
            "path": "."
        },
        "qemu.qmp": {
            "editable": true,
            "extras": [
                "tui"
            ],
            "path": "."
        },
        "urwid": {
            "hashes": [
                "sha256:588bee9c1cb208d0906a9f73c613d2bd32c3ed3702012f51efe318a3f2127eae"
            ],
            "index": "pypi",
            "version": "==2.1.2"
        },
        "urwid-readline": {
            "hashes": [
                "sha256:018020cbc864bb5ed87be17dc26b069eae2755cb29f3a9c569aac3bded1efaf4"
            ],
            "index": "pypi",
            "version": "==0.13"
        }
    },
    "develop": {
        "astroid": {
            "hashes": [
                "sha256:f040fe9c4a2a7699a8ec30c9ed10fb59067c97f64c36577f476c0953ba29847c",
                "sha256:f9f472d4002d55199b1c151ef0570cf71d42aaa34aaa3d29c3e41c75f6f47564"
            ],
            "index": "pypi",
            "version": "==2.5.4"
        },
        "avocado-framework": {
            "hashes": [
                "sha256:244cb569f8eb4e50a22ac82e1a2b2bba2458999f4281efbe2651bd415d59c65b",
                "sha256:6f15998b67ecd0e7dde790c4de4dd249d6df52dfe6d5cc4e2dd6596df51c3583"
            ],
            "index": "pypi",
            "version": "==90.0"
        },
        "backports.entry-points-selectable": {
            "hashes": [
                "sha256:2a238e1d8b212b9cf50156b63cd748d54dc33df74e590d614507fc9ce57d0d4a",
                "sha256:4acda84d96855beece3bf9aad9a1030aceb5f744b8ce9af7d5ee6dd672cdd3bd"
            ],
            "index": "pypi",
            "version": "==1.0.4"
        },
        "distlib": {
            "hashes": [
                "sha256:8c09de2c67b3e7deef7184574fc060ab8a793e7adbb183d942c389c8b13c52fb",
                "sha256:edf6116872c863e1aa9d5bb7cb5e05a022c519a4594dc703843343a9ddd9bff1"
            ],
            "index": "pypi",
            "version": "==0.3.1"
        },
        "filelock": {
            "hashes": [
                "sha256:b3ad481724adfb2280773edd95ce501e497e88fa4489c6e41e637ab3fd9a456c"
            ],
            "index": "pypi",
            "version": "==3.0.0"
        },
        "flake8": {
            "hashes": [
                "sha256:6a35f5b8761f45c5513e3405f110a86bea57982c3b75b766ce7b65217abe1670",
                "sha256:c01f8a3963b3571a8e6bd7a4063359aff90749e160778e03817cd9b71c9e07d2"
            ],
            "index": "pypi",
            "version": "==3.6.0"
        },
        "importlib-metadata": {
            "hashes": [
                "sha256:2f2e54cbf6b06b16351e4c40a6adb0860cab6cfb95a0c0fcb58bb789c4b450f5",
                "sha256:37bbea81dec44d1ff72d58a1b5c1599a9f3436537f33e9e26f276610064c4830"
            ],
            "index": "pypi",
            "version": "==0.12"
        },
        "isort": {
            "hashes": [
                "sha256:408e4d75d84f51b64d0824894afee44469eba34a4caee621dc53799f80d71ccc",
                "sha256:64022dea6a06badfa09b300b4dfe8ba968114a737919e8ed50aea1c288f078aa"
            ],
            "index": "pypi",
            "version": "==5.1.2"
        },
        "lazy-object-proxy": {
            "hashes": [
                "sha256:118d53f8819f9457732dd0e418752f2850f395c5405b2e12485f52336e4ad0f5",
                "sha256:495c583b363c3eded649e2c00177093f03f856f5c9f95b527420084a9ce17b9d",
                "sha256:55fa9eab93482891ce97473e63610efdd9c8fa5c05cca9f60468c412e602e499",
                "sha256:642fc0a9b61920669dab66e400f79f1b8b0e8f698dcde85f7e9ae5528dbcaf4a",
                "sha256:7003959a170fde9b92936c38562810f94679c80608fb4b007e026b915bef8b27",
                "sha256:7e63da94f5a1ddb0d2dcdb5d17ff4d1d33f51f3368bdf0475d5f56c0f3b99592",
                "sha256:7fb11d33d99a374e4b0c3fb20128890b9cf784ca7e4b91ecbb191d34618bd9fe",
                "sha256:8758715ea005afa293783797498d64f40ab14d1ded208b3e282760cde9512f1d",
                "sha256:8995543f47a8b81962e384f12791114af9f4997be7a0db71abc40d2a2dfee961",
                "sha256:91c7e1316116fedda36818ce7cd269378fffc4219781536eff441ea1e68e1caf",
                "sha256:9b41ec246d31ca6a840dcf67673b2668adc5a095c64310d26d73292588563ea3",
                "sha256:a8be3cfd7c3154e8d39276c627c5e7ee55d1f2094597b060ece99620ef9fe86b",
                "sha256:afcab74f471652b643900e0862b31892ac5fe5a75e435b786a1825855f4effdf",
                "sha256:d49a90c27074f44c8dc147d83e31140523948ee147b3248634c540e053caea58",
                "sha256:d6957cadc9c079ef4697564af500d52fba6d14fb2f08d20ce92f52201fb77050",
                "sha256:da7f2a6c82a11dc4e05bab73522f0d6dd4f3bbc8378cd4b0769137f342cdb3f0",
                "sha256:f03a21f6f6e54778860122a620f70c8b148ec4ee175968782bcaaa94955a46f9",
                "sha256:f6c718ffca055852479880debbe717da952fcfd60067a0ddb6fe3b053b1d4de0"
            ],
            "index": "pypi",
            "version": "==1.4.0"
        },
        "mccabe": {
            "hashes": [
                "sha256:c6f88ac33667c89d6588e5189334d051f186f4dd3ae5139586af54677c36b5a8",
                "sha256:de9bbfe5b771e4c11b1521f3e338fe265a12296b59302f43a3bbf3e02d4b98b1"
            ],
            "index": "pypi",
            "version": "==0.6"
        },
        "mypy": {
            "hashes": [
                "sha256:00cb1964a7476e871d6108341ac9c1a857d6bd20bf5877f4773ac5e9d92cd3cd",
                "sha256:127de5a9b817a03a98c5ae8a0c46a20dc44442af6dcfa2ae7f96cb519b312efa",
                "sha256:1f3976a945ad7f0a0727aafdc5651c2d3278e3c88dee94e2bf75cd3386b7b2f4",
                "sha256:2f8c098f12b402c19b735aec724cc9105cc1a9eea405d08814eb4b14a6fb1a41",
                "sha256:4ef13b619a289aa025f2273e05e755f8049bb4eaba6d703a425de37d495d178d",
                "sha256:5d142f219bf8c7894dfa79ebfb7d352c4c63a325e75f10dfb4c3db9417dcd135",
                "sha256:62eb5dd4ea86bda8ce386f26684f7f26e4bfe6283c9f2b6ca6d17faf704dcfad",
                "sha256:64c36eb0936d0bfb7d8da49f92c18e312ad2e3ed46e5548ae4ca997b0d33bd59",
                "sha256:75eed74d2faf2759f79c5f56f17388defd2fc994222312ec54ee921e37b31ad4",
                "sha256:974bebe3699b9b46278a7f076635d219183da26e1a675c1f8243a69221758273",
                "sha256:a5e5bb12b7982b179af513dddb06fca12285f0316d74f3964078acbfcf4c68f2",
                "sha256:d31291df31bafb997952dc0a17ebb2737f802c754aed31dd155a8bfe75112c57",
                "sha256:d3b4941de44341227ece1caaf5b08b23e42ad4eeb8b603219afb11e9d4cfb437",
                "sha256:eadb865126da4e3c4c95bdb47fe1bb087a3e3ea14d39a3b13224b8a4d9f9a102"
            ],
            "index": "pypi",
            "version": "==0.780"
        },
        "mypy-extensions": {
            "hashes": [
                "sha256:090fedd75945a69ae91ce1303b5824f428daf5a028d2f6ab8a299250a846f15d",
                "sha256:2d82818f5bb3e369420cb3c4060a7970edba416647068eb4c5343488a6c604a8"
            ],
            "index": "pypi",
            "version": "==0.4.3"
        },
        "packaging": {
            "hashes": [
                "sha256:dd47c42927d89ab911e606518907cc2d3a1f38bbd026385970643f9c5b8ecfeb",
                "sha256:ef103e05f519cdc783ae24ea4e2e0f508a9c99b2d4969652eed6a2e1ea5bd522"
            ],
            "markers": "python_version >= '3.6'",
            "version": "==21.3"
        },
        "platformdirs": {
            "hashes": [
                "sha256:9fc2bc9a5f04bfd5b12c1edb64394f6108c17b2a5be0a461f9a8b08c8a7d8991",
                "sha256:c4d969c6d051f37548994641338c74f3125b771e8fbbe4a45d60d4a976e34533"
            ],
            "index": "pypi",
            "version": "==2.0.0"
        },
        "pluggy": {
            "hashes": [
                "sha256:0825a152ac059776623854c1543d65a4ad408eb3d33ee114dff91e57ec6ae6fc",
                "sha256:b9817417e95936bf75d85d3f8767f7df6cdde751fc40aed3bb3074cbcb77757c"
            ],
            "index": "pypi",
            "version": "==0.12.0"
        },
        "py": {
            "hashes": [
                "sha256:45d74855a614c73f97b0cbbe5615e5be34fa623ecf5ee6b7a4417f9a52665fb7"
            ],
            "index": "pypi",
            "version": "==1.4.17"
        },
        "pycodestyle": {
            "hashes": [
                "sha256:74abc4e221d393ea5ce1f129ea6903209940c1ecd29e002e8c6933c2b21026e0",
                "sha256:cbc619d09254895b0d12c2c691e237b2e91e9b2ecf5e84c26b35400f93dcfb83",
                "sha256:cbfca99bd594a10f674d0cd97a3d802a1fdef635d4361e1a2658de47ed261e3a"
            ],
            "index": "pypi",
            "version": "==2.4.0"
        },
        "pyflakes": {
            "hashes": [
                "sha256:9a7662ec724d0120012f6e29d6248ae3727d821bba522a0e6b356eff19126a49",
                "sha256:f661252913bc1dbe7fcfcbf0af0db3f42ab65aabd1a6ca68fe5d466bace94dae"
            ],
            "index": "pypi",
            "version": "==2.0.0"
        },
        "pygments": {
            "hashes": [
                "sha256:a18f47b506a429f6f4b9df81bb02beab9ca21d0a5fee38ed15aef65f0545519f",
                "sha256:d66e804411278594d764fc69ec36ec13d9ae9147193a1740cd34d272ca383b8e"
            ],
            "index": "pypi",
            "version": "==2.9.0"
        },
        "pylint": {
            "hashes": [
                "sha256:082a6d461b54f90eea49ca90fff4ee8b6e45e8029e5dbd72f6107ef84f3779c0",
                "sha256:a01cd675eccf6e25b3bdb42be184eb46aaf89187d612ba0fb5f93328ed6b0fd5"
            ],
            "index": "pypi",
            "version": "==2.8.0"
        },
        "pyparsing": {
            "hashes": [
                "sha256:1039385c4702ba1834f1d5d6a832c3acdb499c7a8ffdd460ba6d381df3c30cda",
                "sha256:1584a093537c6f0add04a514b91b55fda93e2331de7e5140f835d7d8662ea291",
                "sha256:17e43d6b17588ed5968735575b3983a952133ec4082596d214d7090b56d48a06",
                "sha256:3a203a88fc0f0b3c21909de3367ade6b51b2f32abb4e6932bcbf197273593f72",
                "sha256:4dda9208817b3a1fe7d500408e4d5ebbb8e4549ba377e6a259ab2552e1275b0b",
                "sha256:7145b41ff85f2428e365f2b9bd16b69bd68f1150c3f8d05528273505ede15abe",
                "sha256:8e395e5c5c7d95e62b4a6a5311afbf8644b6d5f8280e033aebfca38d1f637486",
                "sha256:a4c2134b09d85dc250422cdd1ab1c4bc4603dd5016f881c2a987c472778a9a14",
                "sha256:d61cce2ef4bc4eb27d99bc5130e30be1bfbe59fe41e804255f06061cbec0388f"
            ],
            "index": "pypi",
            "version": "==2.0.2"
        },
        "qemu-qmp": {
            "editable": true,
            "extras": [
                "tui"
            ],
            "path": "."
        },
        "qemu.qmp": {
            "editable": true,
            "extras": [
                "tui"
            ],
            "path": "."
        },
        "setuptools": {
            "hashes": [
                "sha256:22c7348c6d2976a52632c67f7ab0cdf40147db7789f9aed18734643fe9cf3373",
                "sha256:4ce92f1e1f8f01233ee9952c04f6b81d1e02939d6e1b488428154974a4d0783e"
            ],
            "markers": "python_version >= '3.6'",
            "version": "==59.6.0"
        },
        "six": {
            "hashes": [
                "sha256:236bdbdce46e6e6a3d61a337c0f8b763ca1e8717c03b369e87a7ec7ce1319c0a",
                "sha256:8f3cd2e254d8f793e7f3d6d9df77b92252b52637291d0f0da013c76ea2724b6c"
            ],
            "index": "pypi",
            "version": "==1.14.0"
        },
        "toml": {
            "hashes": [
                "sha256:229f81c57791a41d65e399fc06bf0848bab550a9dfd5ed66df18ce5f05e73d5c",
                "sha256:235682dd292d5899d361a811df37e04a8828a5b1da3115886b73cf81ebc9100e",
                "sha256:f1db651f9657708513243e61e6cc67d101a39bad662eaa9b5546f789338e07a3"
            ],
            "index": "pypi",
            "version": "==0.10.0"
        },
        "tox": {
            "hashes": [
                "sha256:c60692d92fe759f46c610ac04c03cf0169432d1ff8e981e8ae63e068d0954fc3",
                "sha256:f179cb4043d7dc1339425dd49ab1dd8c916246b0d9173143c1b0af7498a03ab0"
            ],
            "index": "pypi",
            "version": "==3.18.0"
        },
        "typed-ast": {
            "hashes": [
                "sha256:1170afa46a3799e18b4c977777ce137bb53c7485379d9706af8a59f2ea1aa161",
                "sha256:18511a0b3e7922276346bcb47e2ef9f38fb90fd31cb9223eed42c85d1312344e",
                "sha256:262c247a82d005e43b5b7f69aff746370538e176131c32dda9cb0f324d27141e",
                "sha256:2b907eb046d049bcd9892e3076c7a6456c93a25bebfe554e931620c90e6a25b0",
                "sha256:354c16e5babd09f5cb0ee000d54cfa38401d8b8891eefa878ac772f827181a3c",
                "sha256:48e5b1e71f25cfdef98b013263a88d7145879fbb2d5185f2a0c79fa7ebbeae47",
                "sha256:4e0b70c6fc4d010f8107726af5fd37921b666f5b31d9331f0bd24ad9a088e631",
                "sha256:630968c5cdee51a11c05a30453f8cd65e0cc1d2ad0d9192819df9978984529f4",
                "sha256:66480f95b8167c9c5c5c87f32cf437d585937970f3fc24386f313a4c97b44e34",
                "sha256:71211d26ffd12d63a83e079ff258ac9d56a1376a25bc80b1cdcdf601b855b90b",
                "sha256:7954560051331d003b4e2b3eb822d9dd2e376fa4f6d98fee32f452f52dd6ebb2",
                "sha256:838997f4310012cf2e1ad3803bce2f3402e9ffb71ded61b5ee22617b3a7f6b6e",
                "sha256:95bd11af7eafc16e829af2d3df510cecfd4387f6453355188342c3e79a2ec87a",
                "sha256:bc6c7d3fa1325a0c6613512a093bc2a2a15aeec350451cbdf9e1d4bffe3e3233",
                "sha256:cc34a6f5b426748a507dd5d1de4c1978f2eb5626d51326e43280941206c209e1",
                "sha256:d755f03c1e4a51e9b24d899561fec4ccaf51f210d52abdf8c07ee2849b212a36",
                "sha256:d7c45933b1bdfaf9f36c579671fec15d25b06c8398f113dab64c18ed1adda01d",
                "sha256:d896919306dd0aa22d0132f62a1b78d11aaf4c9fc5b3410d3c666b818191630a",
                "sha256:fdc1c9bbf79510b76408840e009ed65958feba92a88833cdceecff93ae8fff66",
                "sha256:ffde2fbfad571af120fcbfbbc61c72469e72f550d676c3342492a9dfdefb8f12"
            ],
            "index": "pypi",
            "version": "==1.4.0"
        },
        "typing-extensions": {
            "hashes": [
                "sha256:2ed632b30bb54fc3941c382decfd0ee4148f5c591651c9272473fea2c6397d95",
                "sha256:b1edbbf0652660e32ae780ac9433f4231e7339c7f9a8057d0f042fcbcea49b87",
                "sha256:d8179012ec2c620d3791ca6fe2bf7979d979acdbef1fca0bc56b37411db682ed"
            ],
            "index": "pypi",
            "version": "==3.7.4"
        },
        "urwid": {
            "hashes": [
                "sha256:588bee9c1cb208d0906a9f73c613d2bd32c3ed3702012f51efe318a3f2127eae"
            ],
            "index": "pypi",
            "version": "==2.1.2"
        },
        "urwid-readline": {
            "hashes": [
                "sha256:018020cbc864bb5ed87be17dc26b069eae2755cb29f3a9c569aac3bded1efaf4"
            ],
            "index": "pypi",
            "version": "==0.13"
        },
        "virtualenv": {
            "hashes": [
                "sha256:2ce32cd126117ce2c539f0134eb89de91a8413a29baac49cbab3eb50e2026669",
                "sha256:ca07b4c0b54e14a91af9f34d0919790b016923d157afda5efdde55c96718f752"
            ],
            "index": "pypi",
            "version": "==16.0.0"
        },
        "wrapt": {
            "hashes": [
                "sha256:e03f19f64d81d0a3099518ca26b04550026f131eced2e76ced7b85c6b8d32128"
            ],
            "index": "pypi",
            "version": "==1.11"
        },
        "zipp": {
            "hashes": [
                "sha256:46dfd547d9ccbf8bdc26ecea52818046bb28509f12bb6a0de1cd66ab06e9a9be",
                "sha256:d7ac25f895fb65bff937b381353c14eb1fa23d35f40abd72a5342cd57eb57fd1"
            ],
            "index": "pypi",
            "version": "==0.5"
        }
    }
}
